
Microsoft Visual Studio Solution File, Format Version 12.00
# Visual Studio Version 17
VisualStudioVersion = 17.0.31903.59
MinimumVisualStudioVersion = 10.0.40219.1
Project("{FAE04EC0-301F-11D3-BF4B-00C04F79EFBC}") = "SquareEquationLib", "SquareEquationLib\SquareEquationLib.csproj", "{A663694B-FB87-4983-A567-3C92176D175C}"
EndProject
Project("{FAE04EC0-301F-11D3-BF4B-00C04F79EFBC}") = "XUnit.Coverlet.Collector", "XUnit.Coverlet.Collector\XUnit.Coverlet.Collector.csproj", "{3C6B705A-5604-4EAB-8B6A-5F064E649ED9}"
EndProject
Project("{FAE04EC0-301F-11D3-BF4B-00C04F79EFBC}") = "XUnit.Coverlet.MSBuild", "XUnit.Coverlet.MSBuild\XUnit.Coverlet.MSBuild.csproj", "{CE995594-F0AB-40B2-BCDF-351D0D4E8275}"
EndProject
Project("{FAE04EC0-301F-11D3-BF4B-00C04F79EFBC}") = "BDD.Tests", "BDD.Tests\BDD.Tests.csproj", "{8EBCA961-0EEC-4DD6-B74B-6587B3724976}"
EndProject
Global
	GlobalSection(SolutionConfigurationPlatforms) = preSolution
		Debug|Any CPU = Debug|Any CPU
		Release|Any CPU = Release|Any CPU
	EndGlobalSection
	GlobalSection(SolutionProperties) = preSolution
		HideSolutionNode = FALSE
	EndGlobalSection
	GlobalSection(ProjectConfigurationPlatforms) = postSolution
		{A663694B-FB87-4983-A567-3C92176D175C}.Debug|Any CPU.ActiveCfg = Debug|Any CPU
		{A663694B-FB87-4983-A567-3C92176D175C}.Debug|Any CPU.Build.0 = Debug|Any CPU
		{A663694B-FB87-4983-A567-3C92176D175C}.Release|Any CPU.ActiveCfg = Release|Any CPU
		{A663694B-FB87-4983-A567-3C92176D175C}.Release|Any CPU.Build.0 = Release|Any CPU
		{3C6B705A-5604-4EAB-8B6A-5F064E649ED9}.Debug|Any CPU.ActiveCfg = Debug|Any CPU
		{3C6B705A-5604-4EAB-8B6A-5F064E649ED9}.Debug|Any CPU.Build.0 = Debug|Any CPU
		{3C6B705A-5604-4EAB-8B6A-5F064E649ED9}.Release|Any CPU.ActiveCfg = Release|Any CPU
		{3C6B705A-5604-4EAB-8B6A-5F064E649ED9}.Release|Any CPU.Build.0 = Release|Any CPU
		{CE995594-F0AB-40B2-BCDF-351D0D4E8275}.Debug|Any CPU.ActiveCfg = Debug|Any CPU
		{CE995594-F0AB-40B2-BCDF-351D0D4E8275}.Debug|Any CPU.Build.0 = Debug|Any CPU
		{CE995594-F0AB-40B2-BCDF-351D0D4E8275}.Release|Any CPU.ActiveCfg = Release|Any CPU
		{CE995594-F0AB-40B2-BCDF-351D0D4E8275}.Release|Any CPU.Build.0 = Release|Any CPU
		{8EBCA961-0EEC-4DD6-B74B-6587B3724976}.Debug|Any CPU.ActiveCfg = Debug|Any CPU
		{8EBCA961-0EEC-4DD6-B74B-6587B3724976}.Debug|Any CPU.Build.0 = Debug|Any CPU
		{8EBCA961-0EEC-4DD6-B74B-6587B3724976}.Release|Any CPU.ActiveCfg = Release|Any CPU
		{8EBCA961-0EEC-4DD6-B74B-6587B3724976}.Release|Any CPU.Build.0 = Release|Any CPU
	EndGlobalSection
EndGlobal
